
Microsoft Visual Studio Solution File, Format Version 12.00
# Visual Studio 15
VisualStudioVersion = 15.0.35706.147
MinimumVisualStudioVersion = 10.0.40219.1
Project("{FAE04EC0-301F-11D3-BF4B-00C04F79EFBC}") = "Solitaire", "Solitaire\Solitaire.csproj", "{BF22D4D5-BB97-43A7-A0FE-AE4191F12877}"
EndProject
Global
	GlobalSection(SolutionConfigurationPlatforms) = preSolution
		Debug|Any CPU = Debug|Any CPU
		Debug|x64 = Debug|x64
		Release|Any CPU = Release|Any CPU
		Release|x64 = Release|x64
	EndGlobalSection
	GlobalSection(ProjectConfigurationPlatforms) = postSolution
		{BF22D4D5-BB97-43A7-A0FE-AE4191F12877}.Debug|Any CPU.ActiveCfg = Debug|Any CPU
		{BF22D4D5-BB97-43A7-A0FE-AE4191F12877}.Debug|Any CPU.Build.0 = Debug|Any CPU
		{BF22D4D5-BB97-43A7-A0FE-AE4191F12877}.Debug|x64.ActiveCfg = Debug|Any CPU
		{BF22D4D5-BB97-43A7-A0FE-AE4191F12877}.Debug|x64.Build.0 = Debug|Any CPU
		{BF22D4D5-BB97-43A7-A0FE-AE4191F12877}.Release|Any CPU.ActiveCfg = Release|Any CPU
		{BF22D4D5-BB97-43A7-A0FE-AE4191F12877}.Release|Any CPU.Build.0 = Release|Any CPU
		{BF22D4D5-BB97-43A7-A0FE-AE4191F12877}.Release|x64.ActiveCfg = Release|Any CPU
		{BF22D4D5-BB97-43A7-A0FE-AE4191F12877}.Release|x64.Build.0 = Release|Any CPU
	EndGlobalSection
	GlobalSection(SolutionProperties) = preSolution
		HideSolutionNode = FALSE
	EndGlobalSection
	GlobalSection(ExtensibilityGlobals) = postSolution
		SolutionGuid = {B1D109BD-49F9-466A-B435-133D21CF662C}
	EndGlobalSection
EndGlobal
